
Microsoft Visual Studio Solution File, Format Version 12.00
Project("{FAE04EC0-301F-11D3-BF4B-00C04F79EFBC}") = "PelmeniLib", "PelmeniLib\PelmeniLib.csproj", "{64029641-A0A8-4DB8-9DF2-FF67D4B1CF8F}"
EndProject
Global
	GlobalSection(SolutionConfigurationPlatforms) = preSolution
		Debug|Any CPU = Debug|Any CPU
		Release|Any CPU = Release|Any CPU
	EndGlobalSection
	GlobalSection(ProjectConfigurationPlatforms) = postSolution
		{64029641-A0A8-4DB8-9DF2-FF67D4B1CF8F}.Release|Any CPU.ActiveCfg = Release|Any CPU
		{64029641-A0A8-4DB8-9DF2-FF67D4B1CF8F}.Release|Any CPU.Build.0 = Release|Any CPU
		{64029641-A0A8-4DB8-9DF2-FF67D4B1CF8F}.Debug|Any CPU.ActiveCfg = Debug|Any CPU
		{64029641-A0A8-4DB8-9DF2-FF67D4B1CF8F}.Debug|Any CPU.Build.0 = Debug|Any CPU
	EndGlobalSection
EndGlobal
