
Microsoft Visual Studio Solution File, Format Version 12.00
Project("{FAE04EC0-301F-11D3-BF4B-00C04F79EFBC}") = "PelmeniCompilers", "PelmeniCompilers\PelmeniCompilers.csproj", "{A2316ADD-185B-4787-8C5C-429C25B56BE2}"
EndProject
Project("{FAE04EC0-301F-11D3-BF4B-00C04F79EFBC}") = "PelmeniLib", "PelmeniLib\PelmeniLib.csproj", "{3355C73C-9B60-4B01-99AA-367379A7D722}"
EndProject
Global
	GlobalSection(SolutionConfigurationPlatforms) = preSolution
		Debug|Any CPU = Debug|Any CPU
		Release|Any CPU = Release|Any CPU
	EndGlobalSection
	GlobalSection(ProjectConfigurationPlatforms) = postSolution
		{A2316ADD-185B-4787-8C5C-429C25B56BE2}.Debug|Any CPU.ActiveCfg = Debug|Any CPU
		{A2316ADD-185B-4787-8C5C-429C25B56BE2}.Debug|Any CPU.Build.0 = Debug|Any CPU
		{A2316ADD-185B-4787-8C5C-429C25B56BE2}.Release|Any CPU.ActiveCfg = Release|Any CPU
		{A2316ADD-185B-4787-8C5C-429C25B56BE2}.Release|Any CPU.Build.0 = Release|Any CPU
		{3355C73C-9B60-4B01-99AA-367379A7D722}.Debug|Any CPU.ActiveCfg = Debug|Any CPU
		{3355C73C-9B60-4B01-99AA-367379A7D722}.Debug|Any CPU.Build.0 = Debug|Any CPU
		{3355C73C-9B60-4B01-99AA-367379A7D722}.Release|Any CPU.ActiveCfg = Release|Any CPU
		{3355C73C-9B60-4B01-99AA-367379A7D722}.Release|Any CPU.Build.0 = Release|Any CPU
	EndGlobalSection
EndGlobal
